
Microsoft Visual Studio Solution File, Format Version 12.00
# Visual Studio Version 17
VisualStudioVersion = 17.0.32112.339
MinimumVisualStudioVersion = 10.0.40219.1
Project("{9A19103F-16F7-4668-BE54-9A1E7A4F7556}") = "CarRentals", "CarRentals\CarRentals.csproj", "{0D0DC94E-3DE4-4965-A977-977958C5DF0F}"
EndProject
Project("{9A19103F-16F7-4668-BE54-9A1E7A4F7556}") = "CarRentalsWebAPI", "CarRentalsWebAPI\CarRentalsWebAPI.csproj", "{5731D9D6-DA79-4E2F-8120-CA8D62388956}"
EndProject
Project("{FAE04EC0-301F-11D3-BF4B-00C04F79EFBC}") = "CarRentalsWebAPI.IntegrationTests", "CarRentalsWebAPI.IntegrationTests\CarRentalsWebAPI.IntegrationTests.csproj", "{5D561826-61A0-4D2E-9391-A5508F00B3A0}"
EndProject
Global
	GlobalSection(SolutionConfigurationPlatforms) = preSolution
		Debug|Any CPU = Debug|Any CPU
		Release|Any CPU = Release|Any CPU
	EndGlobalSection
	GlobalSection(ProjectConfigurationPlatforms) = postSolution
		{0D0DC94E-3DE4-4965-A977-977958C5DF0F}.Debug|Any CPU.ActiveCfg = Debug|Any CPU
		{0D0DC94E-3DE4-4965-A977-977958C5DF0F}.Debug|Any CPU.Build.0 = Debug|Any CPU
		{0D0DC94E-3DE4-4965-A977-977958C5DF0F}.Release|Any CPU.ActiveCfg = Release|Any CPU
		{0D0DC94E-3DE4-4965-A977-977958C5DF0F}.Release|Any CPU.Build.0 = Release|Any CPU
		{5731D9D6-DA79-4E2F-8120-CA8D62388956}.Debug|Any CPU.ActiveCfg = Debug|Any CPU
		{5731D9D6-DA79-4E2F-8120-CA8D62388956}.Debug|Any CPU.Build.0 = Debug|Any CPU
		{5731D9D6-DA79-4E2F-8120-CA8D62388956}.Release|Any CPU.ActiveCfg = Release|Any CPU
		{5731D9D6-DA79-4E2F-8120-CA8D62388956}.Release|Any CPU.Build.0 = Release|Any CPU
		{5D561826-61A0-4D2E-9391-A5508F00B3A0}.Debug|Any CPU.ActiveCfg = Debug|Any CPU
		{5D561826-61A0-4D2E-9391-A5508F00B3A0}.Debug|Any CPU.Build.0 = Debug|Any CPU
		{5D561826-61A0-4D2E-9391-A5508F00B3A0}.Release|Any CPU.ActiveCfg = Release|Any CPU
		{5D561826-61A0-4D2E-9391-A5508F00B3A0}.Release|Any CPU.Build.0 = Release|Any CPU
	EndGlobalSection
	GlobalSection(SolutionProperties) = preSolution
		HideSolutionNode = FALSE
	EndGlobalSection
	GlobalSection(ExtensibilityGlobals) = postSolution
		SolutionGuid = {76913292-4732-413A-A58C-A5F15C45AE79}
	EndGlobalSection
EndGlobal
